# This file is automatically @generated by Cargo.
# It is not intended for manual editing.
version = 3

[[package]]
name = "arrays"
version = "0.1.0"

[[package]]
name = "input"
version = "0.1.0"

[[package]]
name = "mpsc"
version = "0.1.0"

[[package]]
name = "mutex"
version = "0.1.0"

[[package]]
name = "networkclient"
version = "0.1.0"

[[package]]
name = "networkserver"
version = "0.1.0"

[[package]]
name = "primitives"
version = "0.1.0"

[[package]]
name = "referencing"
version = "0.1.0"

[[package]]
name = "threads"
version = "0.1.0"
